{
  "name": "mac-bootstrap",
  "version": "0.2.2",
  "lockfileVersion": 3,
  "requires": true,
  "packages": {
    "": {
      "name": "mac-bootstrap",
      "version": "0.2.2",
      "bin": {
        "mac-bootstrap": "bin/bootstrap",
        "mac-bootstrap-doctor": "bin/doctor",
        "mac-bootstrap-migrate": "bin/migrate",
        "mac-bootstrap-nightly": "bin/nightly"
      },
      "engines": {
        "node": ">=22"
      }
    }
  }
}
